
Microsoft Visual Studio Solution File, Format Version 12.00
# Visual Studio Version 16
VisualStudioVersion = 16.0.31624.102
MinimumVisualStudioVersion = 10.0.40219.1
Project("{FAE04EC0-301F-11D3-BF4B-00C04F79EFBC}") = "Lab6", "Lab6\Lab6.csproj", "{0ED05660-BAB5-4BB2-8C05-21D2E8D0B608}"
EndProject
Global
	GlobalSection(SolutionConfigurationPlatforms) = preSolution
		Debug|Any CPU = Debug|Any CPU
		Release|Any CPU = Release|Any CPU
	EndGlobalSection
	GlobalSection(ProjectConfigurationPlatforms) = postSolution
		{0ED05660-BAB5-4BB2-8C05-21D2E8D0B608}.Debug|Any CPU.ActiveCfg = Debug|Any CPU
		{0ED05660-BAB5-4BB2-8C05-21D2E8D0B608}.Debug|Any CPU.Build.0 = Debug|Any CPU
		{0ED05660-BAB5-4BB2-8C05-21D2E8D0B608}.Release|Any CPU.ActiveCfg = Release|Any CPU
		{0ED05660-BAB5-4BB2-8C05-21D2E8D0B608}.Release|Any CPU.Build.0 = Release|Any CPU
	EndGlobalSection
	GlobalSection(SolutionProperties) = preSolution
		HideSolutionNode = FALSE
	EndGlobalSection
	GlobalSection(ExtensibilityGlobals) = postSolution
		SolutionGuid = {BEEC0502-666A-4250-A3FC-1F6B234335C7}
	EndGlobalSection
EndGlobal
